
Microsoft Visual Studio Solution File, Format Version 12.00
# Visual Studio Version 17
VisualStudioVersion = 17.10.35013.160
MinimumVisualStudioVersion = 10.0.40219.1
Project("{9A19103F-16F7-4668-BE54-9A1E7A4F7556}") = "Web.Api", "src\backend\Web.Api\Web.Api.csproj", "{A0F38995-5880-430B-8FEF-F43074F98F42}"
EndProject
Project("{2150E333-8FDC-42A3-9474-1A3956D46DE8}") = "src", "src", "{BC56D340-6363-4190-9E07-FB5C52CE06EC}"
EndProject
Project("{2150E333-8FDC-42A3-9474-1A3956D46DE8}") = "Modules", "Modules", "{A56788AB-6CBA-4608-A345-C50F2DE8FF49}"
EndProject
Project("{2150E333-8FDC-42A3-9474-1A3956D46DE8}") = "Users", "Users", "{7924D17F-820F-4D1F-B87C-86D0035F561D}"
EndProject
Project("{9A19103F-16F7-4668-BE54-9A1E7A4F7556}") = "Modules.Users.Domain", "src\backend\Modules\Users\Modules.Users.Domain\Modules.Users.Domain.csproj", "{308004E8-66D3-48D3-9609-D80B1FBA3FFE}"
EndProject
Project("{9A19103F-16F7-4668-BE54-9A1E7A4F7556}") = "SharedKernel", "src\backend\SharedKernel\SharedKernel.csproj", "{B26DA569-6601-4725-9386-ADA15ED1292D}"
EndProject
Project("{E53339B2-1760-4266-BCC7-CA923CBCF16C}") = "docker-compose", "docker-compose.dcproj", "{119F7D0D-481D-467F-ACEA-2D754FBBAEB0}"
EndProject
Project("{9A19103F-16F7-4668-BE54-9A1E7A4F7556}") = "Infrastructure", "src\backend\Infrastructure\Infrastructure.csproj", "{819BFB5F-34EB-4E0C-811F-BFFF5A844394}"
EndProject
Project("{9A19103F-16F7-4668-BE54-9A1E7A4F7556}") = "Application", "src\backend\Application\Application.csproj", "{E1C9587F-B9B6-45A6-A93E-E3968F2E6CDF}"
EndProject
Project("{9A19103F-16F7-4668-BE54-9A1E7A4F7556}") = "Modules.Users.Infrastructure", "src\backend\Modules\Users\Modules.Users.Infrastructure\Modules.Users.Infrastructure.csproj", "{CD7B59D4-998C-4612-A481-24E328DBAE3E}"
EndProject
Project("{9A19103F-16F7-4668-BE54-9A1E7A4F7556}") = "Modules.Users.Application", "src\backend\Modules\Users\Modules.Users.Application\Modules.Users.Application.csproj", "{ACC1BC2E-7163-4221-AB16-41E7A115F3E6}"
EndProject
Project("{2150E333-8FDC-42A3-9474-1A3956D46DE8}") = "Posts", "Posts", "{601AE7AC-58CF-4D62-B039-8306E21D182A}"
EndProject
Project("{9A19103F-16F7-4668-BE54-9A1E7A4F7556}") = "Modules.Posts.Domain", "src\backend\Modules\Posts\Modules.Posts.Domain\Modules.Posts.Domain.csproj", "{77118C0F-E7D4-441A-BCB5-05FA30DA08C2}"
EndProject
Project("{9A19103F-16F7-4668-BE54-9A1E7A4F7556}") = "Modules.Posts.Infrastructure", "src\backend\Modules\Posts\Modules.Posts.Infrastructure\Modules.Posts.Infrastructure.csproj", "{07B038F1-C8B0-4E61-95BF-EFBC194B1F56}"
EndProject
Project("{9A19103F-16F7-4668-BE54-9A1E7A4F7556}") = "Modules.Posts.Application", "src\backend\Modules\Posts\Modules.Posts.Application\Modules.Posts.Application.csproj", "{4BA69284-B5AC-4D88-8C8D-ACD81FD0DEE6}"
EndProject
Project("{9A19103F-16F7-4668-BE54-9A1E7A4F7556}") = "Modules.Users.Api", "src\backend\Modules\Users\Modules.Users.Api\Modules.Users.Api.csproj", "{53F5137B-48EC-4420-97E2-31246F898047}"
EndProject
Project("{9A19103F-16F7-4668-BE54-9A1E7A4F7556}") = "Presentation", "src\backend\Presentation\Presentation.csproj", "{22DDD665-704A-444D-A0D5-DBE145D62DD6}"
EndProject
Project("{2150E333-8FDC-42A3-9474-1A3956D46DE8}") = "tests", "tests", "{5766AC29-4DE3-4A61-913C-9987B1DC678C}"
EndProject
Project("{FAE04EC0-301F-11D3-BF4B-00C04F79EFBC}") = "ArchitectureTests", "tests\ArchitectureTests\ArchitectureTests.csproj", "{5ABC1369-4B12-4310-9BF2-AC11F0EAB497}"
EndProject
Global
	GlobalSection(SolutionConfigurationPlatforms) = preSolution
		Debug|Any CPU = Debug|Any CPU
		Release|Any CPU = Release|Any CPU
	EndGlobalSection
	GlobalSection(ProjectConfigurationPlatforms) = postSolution
		{A0F38995-5880-430B-8FEF-F43074F98F42}.Debug|Any CPU.ActiveCfg = Debug|Any CPU
		{A0F38995-5880-430B-8FEF-F43074F98F42}.Debug|Any CPU.Build.0 = Debug|Any CPU
		{A0F38995-5880-430B-8FEF-F43074F98F42}.Release|Any CPU.ActiveCfg = Release|Any CPU
		{A0F38995-5880-430B-8FEF-F43074F98F42}.Release|Any CPU.Build.0 = Release|Any CPU
		{308004E8-66D3-48D3-9609-D80B1FBA3FFE}.Debug|Any CPU.ActiveCfg = Debug|Any CPU
		{308004E8-66D3-48D3-9609-D80B1FBA3FFE}.Debug|Any CPU.Build.0 = Debug|Any CPU
		{308004E8-66D3-48D3-9609-D80B1FBA3FFE}.Release|Any CPU.ActiveCfg = Release|Any CPU
		{308004E8-66D3-48D3-9609-D80B1FBA3FFE}.Release|Any CPU.Build.0 = Release|Any CPU
		{B26DA569-6601-4725-9386-ADA15ED1292D}.Debug|Any CPU.ActiveCfg = Debug|Any CPU
		{B26DA569-6601-4725-9386-ADA15ED1292D}.Debug|Any CPU.Build.0 = Debug|Any CPU
		{B26DA569-6601-4725-9386-ADA15ED1292D}.Release|Any CPU.ActiveCfg = Release|Any CPU
		{B26DA569-6601-4725-9386-ADA15ED1292D}.Release|Any CPU.Build.0 = Release|Any CPU
		{119F7D0D-481D-467F-ACEA-2D754FBBAEB0}.Debug|Any CPU.ActiveCfg = Debug|Any CPU
		{119F7D0D-481D-467F-ACEA-2D754FBBAEB0}.Debug|Any CPU.Build.0 = Debug|Any CPU
		{119F7D0D-481D-467F-ACEA-2D754FBBAEB0}.Release|Any CPU.ActiveCfg = Release|Any CPU
		{119F7D0D-481D-467F-ACEA-2D754FBBAEB0}.Release|Any CPU.Build.0 = Release|Any CPU
		{819BFB5F-34EB-4E0C-811F-BFFF5A844394}.Debug|Any CPU.ActiveCfg = Debug|Any CPU
		{819BFB5F-34EB-4E0C-811F-BFFF5A844394}.Debug|Any CPU.Build.0 = Debug|Any CPU
		{819BFB5F-34EB-4E0C-811F-BFFF5A844394}.Release|Any CPU.ActiveCfg = Release|Any CPU
		{819BFB5F-34EB-4E0C-811F-BFFF5A844394}.Release|Any CPU.Build.0 = Release|Any CPU
		{E1C9587F-B9B6-45A6-A93E-E3968F2E6CDF}.Debug|Any CPU.ActiveCfg = Debug|Any CPU
		{E1C9587F-B9B6-45A6-A93E-E3968F2E6CDF}.Debug|Any CPU.Build.0 = Debug|Any CPU
		{E1C9587F-B9B6-45A6-A93E-E3968F2E6CDF}.Release|Any CPU.ActiveCfg = Release|Any CPU
		{E1C9587F-B9B6-45A6-A93E-E3968F2E6CDF}.Release|Any CPU.Build.0 = Release|Any CPU
		{CD7B59D4-998C-4612-A481-24E328DBAE3E}.Debug|Any CPU.ActiveCfg = Debug|Any CPU
		{CD7B59D4-998C-4612-A481-24E328DBAE3E}.Debug|Any CPU.Build.0 = Debug|Any CPU
		{CD7B59D4-998C-4612-A481-24E328DBAE3E}.Release|Any CPU.ActiveCfg = Release|Any CPU
		{CD7B59D4-998C-4612-A481-24E328DBAE3E}.Release|Any CPU.Build.0 = Release|Any CPU
		{ACC1BC2E-7163-4221-AB16-41E7A115F3E6}.Debug|Any CPU.ActiveCfg = Debug|Any CPU
		{ACC1BC2E-7163-4221-AB16-41E7A115F3E6}.Debug|Any CPU.Build.0 = Debug|Any CPU
		{ACC1BC2E-7163-4221-AB16-41E7A115F3E6}.Release|Any CPU.ActiveCfg = Release|Any CPU
		{ACC1BC2E-7163-4221-AB16-41E7A115F3E6}.Release|Any CPU.Build.0 = Release|Any CPU
		{77118C0F-E7D4-441A-BCB5-05FA30DA08C2}.Debug|Any CPU.ActiveCfg = Debug|Any CPU
		{77118C0F-E7D4-441A-BCB5-05FA30DA08C2}.Debug|Any CPU.Build.0 = Debug|Any CPU
		{77118C0F-E7D4-441A-BCB5-05FA30DA08C2}.Release|Any CPU.ActiveCfg = Release|Any CPU
		{77118C0F-E7D4-441A-BCB5-05FA30DA08C2}.Release|Any CPU.Build.0 = Release|Any CPU
		{07B038F1-C8B0-4E61-95BF-EFBC194B1F56}.Debug|Any CPU.ActiveCfg = Debug|Any CPU
		{07B038F1-C8B0-4E61-95BF-EFBC194B1F56}.Debug|Any CPU.Build.0 = Debug|Any CPU
		{07B038F1-C8B0-4E61-95BF-EFBC194B1F56}.Release|Any CPU.ActiveCfg = Release|Any CPU
		{07B038F1-C8B0-4E61-95BF-EFBC194B1F56}.Release|Any CPU.Build.0 = Release|Any CPU
		{4BA69284-B5AC-4D88-8C8D-ACD81FD0DEE6}.Debug|Any CPU.ActiveCfg = Debug|Any CPU
		{4BA69284-B5AC-4D88-8C8D-ACD81FD0DEE6}.Debug|Any CPU.Build.0 = Debug|Any CPU
		{4BA69284-B5AC-4D88-8C8D-ACD81FD0DEE6}.Release|Any CPU.ActiveCfg = Release|Any CPU
		{4BA69284-B5AC-4D88-8C8D-ACD81FD0DEE6}.Release|Any CPU.Build.0 = Release|Any CPU
		{53F5137B-48EC-4420-97E2-31246F898047}.Debug|Any CPU.ActiveCfg = Debug|Any CPU
		{53F5137B-48EC-4420-97E2-31246F898047}.Debug|Any CPU.Build.0 = Debug|Any CPU
		{53F5137B-48EC-4420-97E2-31246F898047}.Release|Any CPU.ActiveCfg = Release|Any CPU
		{53F5137B-48EC-4420-97E2-31246F898047}.Release|Any CPU.Build.0 = Release|Any CPU
		{22DDD665-704A-444D-A0D5-DBE145D62DD6}.Debug|Any CPU.ActiveCfg = Debug|Any CPU
		{22DDD665-704A-444D-A0D5-DBE145D62DD6}.Debug|Any CPU.Build.0 = Debug|Any CPU
		{22DDD665-704A-444D-A0D5-DBE145D62DD6}.Release|Any CPU.ActiveCfg = Release|Any CPU
		{22DDD665-704A-444D-A0D5-DBE145D62DD6}.Release|Any CPU.Build.0 = Release|Any CPU
		{5ABC1369-4B12-4310-9BF2-AC11F0EAB497}.Debug|Any CPU.ActiveCfg = Debug|Any CPU
		{5ABC1369-4B12-4310-9BF2-AC11F0EAB497}.Debug|Any CPU.Build.0 = Debug|Any CPU
		{5ABC1369-4B12-4310-9BF2-AC11F0EAB497}.Release|Any CPU.ActiveCfg = Release|Any CPU
		{5ABC1369-4B12-4310-9BF2-AC11F0EAB497}.Release|Any CPU.Build.0 = Release|Any CPU
	EndGlobalSection
	GlobalSection(SolutionProperties) = preSolution
		HideSolutionNode = FALSE
	EndGlobalSection
	GlobalSection(NestedProjects) = preSolution
		{A0F38995-5880-430B-8FEF-F43074F98F42} = {BC56D340-6363-4190-9E07-FB5C52CE06EC}
		{A56788AB-6CBA-4608-A345-C50F2DE8FF49} = {BC56D340-6363-4190-9E07-FB5C52CE06EC}
		{7924D17F-820F-4D1F-B87C-86D0035F561D} = {A56788AB-6CBA-4608-A345-C50F2DE8FF49}
		{308004E8-66D3-48D3-9609-D80B1FBA3FFE} = {7924D17F-820F-4D1F-B87C-86D0035F561D}
		{B26DA569-6601-4725-9386-ADA15ED1292D} = {BC56D340-6363-4190-9E07-FB5C52CE06EC}
		{819BFB5F-34EB-4E0C-811F-BFFF5A844394} = {BC56D340-6363-4190-9E07-FB5C52CE06EC}
		{E1C9587F-B9B6-45A6-A93E-E3968F2E6CDF} = {BC56D340-6363-4190-9E07-FB5C52CE06EC}
		{CD7B59D4-998C-4612-A481-24E328DBAE3E} = {7924D17F-820F-4D1F-B87C-86D0035F561D}
		{ACC1BC2E-7163-4221-AB16-41E7A115F3E6} = {7924D17F-820F-4D1F-B87C-86D0035F561D}
		{601AE7AC-58CF-4D62-B039-8306E21D182A} = {A56788AB-6CBA-4608-A345-C50F2DE8FF49}
		{77118C0F-E7D4-441A-BCB5-05FA30DA08C2} = {601AE7AC-58CF-4D62-B039-8306E21D182A}
		{07B038F1-C8B0-4E61-95BF-EFBC194B1F56} = {601AE7AC-58CF-4D62-B039-8306E21D182A}
		{4BA69284-B5AC-4D88-8C8D-ACD81FD0DEE6} = {601AE7AC-58CF-4D62-B039-8306E21D182A}
		{53F5137B-48EC-4420-97E2-31246F898047} = {7924D17F-820F-4D1F-B87C-86D0035F561D}
		{22DDD665-704A-444D-A0D5-DBE145D62DD6} = {BC56D340-6363-4190-9E07-FB5C52CE06EC}
		{5ABC1369-4B12-4310-9BF2-AC11F0EAB497} = {5766AC29-4DE3-4A61-913C-9987B1DC678C}
	EndGlobalSection
	GlobalSection(ExtensibilityGlobals) = postSolution
		SolutionGuid = {277760D7-7623-47DD-99F0-7CB59403B963}
	EndGlobalSection
EndGlobal
